
Microsoft Visual Studio Solution File, Format Version 12.00
# Visual Studio Version 17
VisualStudioVersion = 17.4.33205.214
MinimumVisualStudioVersion = 10.0.40219.1
Project("{FAE04EC0-301F-11D3-BF4B-00C04F79EFBC}") = "WebUI", "WebUI.csproj", "{BFB82338-1D4F-4107-B36B-C2C407C6BE6D}"
EndProject
Global
	GlobalSection(SolutionConfigurationPlatforms) = preSolution
		Debug|Any CPU = Debug|Any CPU
		Release|Any CPU = Release|Any CPU
	EndGlobalSection
	GlobalSection(ProjectConfigurationPlatforms) = postSolution
		{BFB82338-1D4F-4107-B36B-C2C407C6BE6D}.Debug|Any CPU.ActiveCfg = Debug|Any CPU
		{BFB82338-1D4F-4107-B36B-C2C407C6BE6D}.Debug|Any CPU.Build.0 = Debug|Any CPU
		{BFB82338-1D4F-4107-B36B-C2C407C6BE6D}.Release|Any CPU.ActiveCfg = Release|Any CPU
		{BFB82338-1D4F-4107-B36B-C2C407C6BE6D}.Release|Any CPU.Build.0 = Release|Any CPU
	EndGlobalSection
	GlobalSection(SolutionProperties) = preSolution
		HideSolutionNode = FALSE
	EndGlobalSection
	GlobalSection(ExtensibilityGlobals) = postSolution
		SolutionGuid = {0CB38F83-386A-4150-9EB2-D45A59A17878}
	EndGlobalSection
EndGlobal
